// !$*UTF8*$!
{
	archiveVersion = 1;
	classes = {
	};
	objectVersion = 50;
	objects = {

/* Begin PBXBuildFile section */
		A83678542196E64800597C16 /* Photo.swift in Sources */ = {isa = PBXBuildFile; fileRef = A83678532196E64800597C16 /* Photo.swift */; };
		A83678562196E64F00597C16 /* Profile.swift in Sources */ = {isa = PBXBuildFile; fileRef = A83678552196E64F00597C16 /* Profile.swift */; };
		A83E80FD2196121A00E09E55 /* NewsViewController.swift in Sources */ = {isa = PBXBuildFile; fileRef = A83E80F42196121A00E09E55 /* NewsViewController.swift */; };
		A83E80FE2196121A00E09E55 /* AppDelegate.swift in Sources */ = {isa = PBXBuildFile; fileRef = A83E80F52196121A00E09E55 /* AppDelegate.swift */; };
		A83E80FF2196121A00E09E55 /* Assets.xcassets in Resources */ = {isa = PBXBuildFile; fileRef = A83E80F72196121A00E09E55 /* Assets.xcassets */; };
		A83E81002196121A00E09E55 /* LaunchScreen.storyboard in Resources */ = {isa = PBXBuildFile; fileRef = A83E80F82196121A00E09E55 /* LaunchScreen.storyboard */; };
		A83E81012196121A00E09E55 /* Main.storyboard in Resources */ = {isa = PBXBuildFile; fileRef = A83E80FA2196121A00E09E55 /* Main.storyboard */; };
		A83E810A219621CA00E09E55 /* StartViewController.swift in Sources */ = {isa = PBXBuildFile; fileRef = A83E8109219621CA00E09E55 /* StartViewController.swift */; };
		A83E810D2196270D00E09E55 /* VKSdkFramework.framework in Frameworks */ = {isa = PBXBuildFile; fileRef = A83E810B2196270500E09E55 /* VKSdkFramework.framework */; };
		A83E810E2196270D00E09E55 /* VKSdkFramework.framework in Embed Frameworks */ = {isa = PBXBuildFile; fileRef = A83E810B2196270500E09E55 /* VKSdkFramework.framework */; settings = {ATTRIBUTES = (CodeSignOnCopy, RemoveHeadersOnCopy, ); }; };
		A83E811221962C5200E09E55 /* ServiceLocator.swift in Sources */ = {isa = PBXBuildFile; fileRef = A83E811121962C5200E09E55 /* ServiceLocator.swift */; };
		A83E811621962F1D00E09E55 /* NewsfeedService.swift in Sources */ = {isa = PBXBuildFile; fileRef = A83E811521962F1D00E09E55 /* NewsfeedService.swift */; };
		A83E81182196323300E09E55 /* VKService.swift in Sources */ = {isa = PBXBuildFile; fileRef = A83E81172196323300E09E55 /* VKService.swift */; };
		A83E811C219640C000E09E55 /* Post.swift in Sources */ = {isa = PBXBuildFile; fileRef = A83E811B219640C000E09E55 /* Post.swift */; };
		A8CC0C3C219709AF003C2C52 /* UserService.swift in Sources */ = {isa = PBXBuildFile; fileRef = A8CC0C3B219709AF003C2C52 /* UserService.swift */; };
		A8CC0C3F21970D7D003C2C52 /* ProfileParser.swift in Sources */ = {isa = PBXBuildFile; fileRef = A8CC0C3E21970D7D003C2C52 /* ProfileParser.swift */; };
		A8CC0C41219714FE003C2C52 /* ImageService.swift in Sources */ = {isa = PBXBuildFile; fileRef = A8CC0C40219714FE003C2C52 /* ImageService.swift */; };
		A8CC0C4E21974407003C2C52 /* PostTableCell.swift in Sources */ = {isa = PBXBuildFile; fileRef = A8CC0C4D21974407003C2C52 /* PostTableCell.swift */; };
		A8CC0C512197442F003C2C52 /* PostPresentation.swift in Sources */ = {isa = PBXBuildFile; fileRef = A8CC0C502197442F003C2C52 /* PostPresentation.swift */; };
/* End PBXBuildFile section */

/* Begin PBXCopyFilesBuildPhase section */
		A83E81082196153800E09E55 /* Embed Frameworks */ = {
			isa = PBXCopyFilesBuildPhase;
			buildActionMask = 2147483647;
			dstPath = "";
			dstSubfolderSpec = 10;
			files = (
				A83E810E2196270D00E09E55 /* VKSdkFramework.framework in Embed Frameworks */,
			);
			name = "Embed Frameworks";
			runOnlyForDeploymentPostprocessing = 0;
		};
/* End PBXCopyFilesBuildPhase section */

/* Begin PBXFileReference section */
		A83678532196E64800597C16 /* Photo.swift */ = {isa = PBXFileReference; lastKnownFileType = sourcecode.swift; path = Photo.swift; sourceTree = "<group>"; };
		A83678552196E64F00597C16 /* Profile.swift */ = {isa = PBXFileReference; lastKnownFileType = sourcecode.swift; path = Profile.swift; sourceTree = "<group>"; };
		A83E80DE219611C000E09E55 /* VKChallenge.app */ = {isa = PBXFileReference; explicitFileType = wrapper.application; includeInIndex = 0; path = VKChallenge.app; sourceTree = BUILT_PRODUCTS_DIR; };
		A83E80F42196121A00E09E55 /* NewsViewController.swift */ = {isa = PBXFileReference; fileEncoding = 4; lastKnownFileType = sourcecode.swift; path = NewsViewController.swift; sourceTree = "<group>"; };
		A83E80F52196121A00E09E55 /* AppDelegate.swift */ = {isa = PBXFileReference; fileEncoding = 4; lastKnownFileType = sourcecode.swift; path = AppDelegate.swift; sourceTree = "<group>"; };
		A83E80F72196121A00E09E55 /* Assets.xcassets */ = {isa = PBXFileReference; lastKnownFileType = folder.assetcatalog; path = Assets.xcassets; sourceTree = "<group>"; };
		A83E80F92196121A00E09E55 /* Base */ = {isa = PBXFileReference; lastKnownFileType = file.storyboard; name = Base; path = Base.lproj/LaunchScreen.storyboard; sourceTree = "<group>"; };
		A83E80FB2196121A00E09E55 /* Base */ = {isa = PBXFileReference; lastKnownFileType = file.storyboard; name = Base; path = Base.lproj/Main.storyboard; sourceTree = "<group>"; };
		A83E80FC2196121A00E09E55 /* Info.plist */ = {isa = PBXFileReference; fileEncoding = 4; lastKnownFileType = text.plist.xml; path = Info.plist; sourceTree = "<group>"; };
		A83E8109219621CA00E09E55 /* StartViewController.swift */ = {isa = PBXFileReference; lastKnownFileType = sourcecode.swift; path = StartViewController.swift; sourceTree = "<group>"; };
		A83E810B2196270500E09E55 /* VKSdkFramework.framework */ = {isa = PBXFileReference; lastKnownFileType = wrapper.framework; name = VKSdkFramework.framework; path = Carthage/Build/iOS/VKSdkFramework.framework; sourceTree = SOURCE_ROOT; };
		A83E811121962C5200E09E55 /* ServiceLocator.swift */ = {isa = PBXFileReference; lastKnownFileType = sourcecode.swift; path = ServiceLocator.swift; sourceTree = "<group>"; };
		A83E811521962F1D00E09E55 /* NewsfeedService.swift */ = {isa = PBXFileReference; lastKnownFileType = sourcecode.swift; path = NewsfeedService.swift; sourceTree = "<group>"; };
		A83E81172196323300E09E55 /* VKService.swift */ = {isa = PBXFileReference; lastKnownFileType = sourcecode.swift; path = VKService.swift; sourceTree = "<group>"; };
		A83E811B219640C000E09E55 /* Post.swift */ = {isa = PBXFileReference; lastKnownFileType = sourcecode.swift; path = Post.swift; sourceTree = "<group>"; };
		A8CC0C3B219709AF003C2C52 /* UserService.swift */ = {isa = PBXFileReference; lastKnownFileType = sourcecode.swift; path = UserService.swift; sourceTree = "<group>"; };
		A8CC0C3E21970D7D003C2C52 /* ProfileParser.swift */ = {isa = PBXFileReference; lastKnownFileType = sourcecode.swift; path = ProfileParser.swift; sourceTree = "<group>"; };
		A8CC0C40219714FE003C2C52 /* ImageService.swift */ = {isa = PBXFileReference; lastKnownFileType = sourcecode.swift; path = ImageService.swift; sourceTree = "<group>"; };
		A8CC0C4D21974407003C2C52 /* PostTableCell.swift */ = {isa = PBXFileReference; lastKnownFileType = sourcecode.swift; path = PostTableCell.swift; sourceTree = "<group>"; };
		A8CC0C502197442F003C2C52 /* PostPresentation.swift */ = {isa = PBXFileReference; lastKnownFileType = sourcecode.swift; path = PostPresentation.swift; sourceTree = "<group>"; };
/* End PBXFileReference section */

/* Begin PBXFrameworksBuildPhase section */
		A83E80DB219611C000E09E55 /* Frameworks */ = {
			isa = PBXFrameworksBuildPhase;
			buildActionMask = 2147483647;
			files = (
				A83E810D2196270D00E09E55 /* VKSdkFramework.framework in Frameworks */,
			);
			runOnlyForDeploymentPostprocessing = 0;
		};
/* End PBXFrameworksBuildPhase section */

/* Begin PBXGroup section */
		A83E80D5219611BF00E09E55 = {
			isa = PBXGroup;
			children = (
				A83E81032196152E00E09E55 /* Frameworks */,
				A83E80F62196121A00E09E55 /* Resources */,
				A83E80F32196121A00E09E55 /* Source */,
				A83E80DF219611C000E09E55 /* Products */,
			);
			sourceTree = "<group>";
		};
		A83E80DF219611C000E09E55 /* Products */ = {
			isa = PBXGroup;
			children = (
				A83E80DE219611C000E09E55 /* VKChallenge.app */,
			);
			name = Products;
			sourceTree = "<group>";
		};
		A83E80F32196121A00E09E55 /* Source */ = {
			isa = PBXGroup;
			children = (
				A83E80F52196121A00E09E55 /* AppDelegate.swift */,
				A83E811021962C3900E09E55 /* Model */,
				A83E810F21962C3200E09E55 /* Controllers */,
			);
			path = Source;
			sourceTree = "<group>";
		};
		A83E80F62196121A00E09E55 /* Resources */ = {
			isa = PBXGroup;
			children = (
				A83E80F72196121A00E09E55 /* Assets.xcassets */,
				A83E80F82196121A00E09E55 /* LaunchScreen.storyboard */,
				A83E80FA2196121A00E09E55 /* Main.storyboard */,
				A83E80FC2196121A00E09E55 /* Info.plist */,
			);
			path = Resources;
			sourceTree = "<group>";
		};
		A83E81032196152E00E09E55 /* Frameworks */ = {
			isa = PBXGroup;
			children = (
				A83E810B2196270500E09E55 /* VKSdkFramework.framework */,
			);
			path = Frameworks;
			sourceTree = "<group>";
		};
		A83E810F21962C3200E09E55 /* Controllers */ = {
			isa = PBXGroup;
			children = (
				A8CC0C4F21974418003C2C52 /* Presentation Models */,
				A8CC0C4C219743E8003C2C52 /* Views */,
				A83E8109219621CA00E09E55 /* StartViewController.swift */,
				A83E80F42196121A00E09E55 /* NewsViewController.swift */,
			);
			path = Controllers;
			sourceTree = "<group>";
		};
		A83E811021962C3900E09E55 /* Model */ = {
			isa = PBXGroup;
			children = (
				A83E811121962C5200E09E55 /* ServiceLocator.swift */,
				A83E811A219640AA00E09E55 /* Services */,
				A83E81192196409E00E09E55 /* Entitiy */,
			);
			path = Model;
			sourceTree = "<group>";
		};
		A83E81192196409E00E09E55 /* Entitiy */ = {
			isa = PBXGroup;
			children = (
				A83E811B219640C000E09E55 /* Post.swift */,
				A83678532196E64800597C16 /* Photo.swift */,
				A83678552196E64F00597C16 /* Profile.swift */,
			);
			path = Entitiy;
			sourceTree = "<group>";
		};
		A83E811A219640AA00E09E55 /* Services */ = {
			isa = PBXGroup;
			children = (
				A8CC0C3D21970D69003C2C52 /* Common */,
				A83E811521962F1D00E09E55 /* NewsfeedService.swift */,
				A8CC0C3B219709AF003C2C52 /* UserService.swift */,
				A83E81172196323300E09E55 /* VKService.swift */,
				A8CC0C40219714FE003C2C52 /* ImageService.swift */,
			);
			path = Services;
			sourceTree = "<group>";
		};
		A8CC0C3D21970D69003C2C52 /* Common */ = {
			isa = PBXGroup;
			children = (
				A8CC0C3E21970D7D003C2C52 /* ProfileParser.swift */,
			);
			path = Common;
			sourceTree = "<group>";
		};
		A8CC0C4C219743E8003C2C52 /* Views */ = {
			isa = PBXGroup;
			children = (
				A8CC0C4D21974407003C2C52 /* PostTableCell.swift */,
			);
			path = Views;
			sourceTree = "<group>";
		};
		A8CC0C4F21974418003C2C52 /* Presentation Models */ = {
			isa = PBXGroup;
			children = (
				A8CC0C502197442F003C2C52 /* PostPresentation.swift */,
			);
			path = "Presentation Models";
			sourceTree = "<group>";
		};
/* End PBXGroup section */

/* Begin PBXNativeTarget section */
		A83E80DD219611C000E09E55 /* VKChallenge */ = {
			isa = PBXNativeTarget;
			buildConfigurationList = A83E80F0219611C100E09E55 /* Build configuration list for PBXNativeTarget "VKChallenge" */;
			buildPhases = (
				A83E80DA219611C000E09E55 /* Sources */,
				A83E80DB219611C000E09E55 /* Frameworks */,
				A83E80DC219611C000E09E55 /* Resources */,
				A83E81082196153800E09E55 /* Embed Frameworks */,
			);
			buildRules = (
			);
			dependencies = (
			);
			name = VKChallenge;
			productName = VKChallenge;
			productReference = A83E80DE219611C000E09E55 /* VKChallenge.app */;
			productType = "com.apple.product-type.application";
		};
/* End PBXNativeTarget section */

/* Begin PBXProject section */
		A83E80D6219611BF00E09E55 /* Project object */ = {
			isa = PBXProject;
			attributes = {
				LastSwiftUpdateCheck = 1000;
				LastUpgradeCheck = 1000;
				ORGANIZATIONNAME = "Evgenii Rtishchev";
				TargetAttributes = {
					A83E80DD219611C000E09E55 = {
						CreatedOnToolsVersion = 10.0;
					};
				};
			};
			buildConfigurationList = A83E80D9219611BF00E09E55 /* Build configuration list for PBXProject "VKChallenge" */;
			compatibilityVersion = "Xcode 9.3";
			developmentRegion = en;
			hasScannedForEncodings = 0;
			knownRegions = (
				en,
				Base,
			);
			mainGroup = A83E80D5219611BF00E09E55;
			productRefGroup = A83E80DF219611C000E09E55 /* Products */;
			projectDirPath = "";
			projectRoot = "";
			targets = (
				A83E80DD219611C000E09E55 /* VKChallenge */,
			);
		};
/* End PBXProject section */

/* Begin PBXResourcesBuildPhase section */
		A83E80DC219611C000E09E55 /* Resources */ = {
			isa = PBXResourcesBuildPhase;
			buildActionMask = 2147483647;
			files = (
				A83E81012196121A00E09E55 /* Main.storyboard in Resources */,
				A83E80FF2196121A00E09E55 /* Assets.xcassets in Resources */,
				A83E81002196121A00E09E55 /* LaunchScreen.storyboard in Resources */,
			);
			runOnlyForDeploymentPostprocessing = 0;
		};
/* End PBXResourcesBuildPhase section */

/* Begin PBXSourcesBuildPhase section */
		A83E80DA219611C000E09E55 /* Sources */ = {
			isa = PBXSourcesBuildPhase;
			buildActionMask = 2147483647;
			files = (
				A83678542196E64800597C16 /* Photo.swift in Sources */,
				A8CC0C512197442F003C2C52 /* PostPresentation.swift in Sources */,
				A83E811221962C5200E09E55 /* ServiceLocator.swift in Sources */,
				A83E811621962F1D00E09E55 /* NewsfeedService.swift in Sources */,
				A83E81182196323300E09E55 /* VKService.swift in Sources */,
				A83E80FE2196121A00E09E55 /* AppDelegate.swift in Sources */,
				A8CC0C41219714FE003C2C52 /* ImageService.swift in Sources */,
				A83678562196E64F00597C16 /* Profile.swift in Sources */,
				A8CC0C3C219709AF003C2C52 /* UserService.swift in Sources */,
				A83E80FD2196121A00E09E55 /* NewsViewController.swift in Sources */,
				A83E811C219640C000E09E55 /* Post.swift in Sources */,
				A8CC0C3F21970D7D003C2C52 /* ProfileParser.swift in Sources */,
				A83E810A219621CA00E09E55 /* StartViewController.swift in Sources */,
				A8CC0C4E21974407003C2C52 /* PostTableCell.swift in Sources */,
			);
			runOnlyForDeploymentPostprocessing = 0;
		};
/* End PBXSourcesBuildPhase section */

/* Begin PBXVariantGroup section */
		A83E80F82196121A00E09E55 /* LaunchScreen.storyboard */ = {
			isa = PBXVariantGroup;
			children = (
				A83E80F92196121A00E09E55 /* Base */,
			);
			name = LaunchScreen.storyboard;
			sourceTree = "<group>";
		};
		A83E80FA2196121A00E09E55 /* Main.storyboard */ = {
			isa = PBXVariantGroup;
			children = (
				A83E80FB2196121A00E09E55 /* Base */,
			);
			name = Main.storyboard;
			sourceTree = "<group>";
		};
/* End PBXVariantGroup section */

/* Begin XCBuildConfiguration section */
		A83E80EE219611C100E09E55 /* Debug */ = {
			isa = XCBuildConfiguration;
			buildSettings = {
				ALWAYS_SEARCH_USER_PATHS = NO;
				CLANG_ANALYZER_NONNULL = YES;
				CLANG_ANALYZER_NUMBER_OBJECT_CONVERSION = YES_AGGRESSIVE;
				CLANG_CXX_LANGUAGE_STANDARD = "gnu++14";
				CLANG_CXX_LIBRARY = "libc++";
				CLANG_ENABLE_MODULES = YES;
				CLANG_ENABLE_OBJC_ARC = YES;
				CLANG_ENABLE_OBJC_WEAK = YES;
				CLANG_WARN_BLOCK_CAPTURE_AUTORELEASING = YES;
				CLANG_WARN_BOOL_CONVERSION = YES;
				CLANG_WARN_COMMA = YES;
				CLANG_WARN_CONSTANT_CONVERSION = YES;
				CLANG_WARN_DEPRECATED_OBJC_IMPLEMENTATIONS = YES;
				CLANG_WARN_DIRECT_OBJC_ISA_USAGE = YES_ERROR;
				CLANG_WARN_DOCUMENTATION_COMMENTS = YES;
				CLANG_WARN_EMPTY_BODY = YES;
				CLANG_WARN_ENUM_CONVERSION = YES;
				CLANG_WARN_INFINITE_RECURSION = YES;
				CLANG_WARN_INT_CONVERSION = YES;
				CLANG_WARN_NON_LITERAL_NULL_CONVERSION = YES;
				CLANG_WARN_OBJC_IMPLICIT_RETAIN_SELF = YES;
				CLANG_WARN_OBJC_LITERAL_CONVERSION = YES;
				CLANG_WARN_OBJC_ROOT_CLASS = YES_ERROR;
				CLANG_WARN_RANGE_LOOP_ANALYSIS = YES;
				CLANG_WARN_STRICT_PROTOTYPES = YES;
				CLANG_WARN_SUSPICIOUS_MOVE = YES;
				CLANG_WARN_UNGUARDED_AVAILABILITY = YES_AGGRESSIVE;
				CLANG_WARN_UNREACHABLE_CODE = YES;
				CLANG_WARN__DUPLICATE_METHOD_MATCH = YES;
				CODE_SIGN_IDENTITY = "iPhone Developer";
				COPY_PHASE_STRIP = NO;
				DEBUG_INFORMATION_FORMAT = dwarf;
				ENABLE_STRICT_OBJC_MSGSEND = YES;
				ENABLE_TESTABILITY = YES;
				GCC_C_LANGUAGE_STANDARD = gnu11;
				GCC_DYNAMIC_NO_PIC = NO;
				GCC_NO_COMMON_BLOCKS = YES;
				GCC_OPTIMIZATION_LEVEL = 0;
				GCC_PREPROCESSOR_DEFINITIONS = (
					"DEBUG=1",
					"$(inherited)",
				);
				GCC_WARN_64_TO_32_BIT_CONVERSION = YES;
				GCC_WARN_ABOUT_RETURN_TYPE = YES_ERROR;
				GCC_WARN_UNDECLARED_SELECTOR = YES;
				GCC_WARN_UNINITIALIZED_AUTOS = YES_AGGRESSIVE;
				GCC_WARN_UNUSED_FUNCTION = YES;
				GCC_WARN_UNUSED_VARIABLE = YES;
				IPHONEOS_DEPLOYMENT_TARGET = 12.0;
				MTL_ENABLE_DEBUG_INFO = INCLUDE_SOURCE;
				MTL_FAST_MATH = YES;
				ONLY_ACTIVE_ARCH = YES;
				SDKROOT = iphoneos;
				SWIFT_ACTIVE_COMPILATION_CONDITIONS = DEBUG;
				SWIFT_OPTIMIZATION_LEVEL = "-Onone";
			};
			name = Debug;
		};
		A83E80EF219611C100E09E55 /* Release */ = {
			isa = XCBuildConfiguration;
			buildSettings = {
				ALWAYS_SEARCH_USER_PATHS = NO;
				CLANG_ANALYZER_NONNULL = YES;
				CLANG_ANALYZER_NUMBER_OBJECT_CONVERSION = YES_AGGRESSIVE;
				CLANG_CXX_LANGUAGE_STANDARD = "gnu++14";
				CLANG_CXX_LIBRARY = "libc++";
				CLANG_ENABLE_MODULES = YES;
				CLANG_ENABLE_OBJC_ARC = YES;
				CLANG_ENABLE_OBJC_WEAK = YES;
				CLANG_WARN_BLOCK_CAPTURE_AUTORELEASING = YES;
				CLANG_WARN_BOOL_CONVERSION = YES;
				CLANG_WARN_COMMA = YES;
				CLANG_WARN_CONSTANT_CONVERSION = YES;
				CLANG_WARN_DEPRECATED_OBJC_IMPLEMENTATIONS = YES;
				CLANG_WARN_DIRECT_OBJC_ISA_USAGE = YES_ERROR;
				CLANG_WARN_DOCUMENTATION_COMMENTS = YES;
				CLANG_WARN_EMPTY_BODY = YES;
				CLANG_WARN_ENUM_CONVERSION = YES;
				CLANG_WARN_INFINITE_RECURSION = YES;
				CLANG_WARN_INT_CONVERSION = YES;
				CLANG_WARN_NON_LITERAL_NULL_CONVERSION = YES;
				CLANG_WARN_OBJC_IMPLICIT_RETAIN_SELF = YES;
				CLANG_WARN_OBJC_LITERAL_CONVERSION = YES;
				CLANG_WARN_OBJC_ROOT_CLASS = YES_ERROR;
				CLANG_WARN_RANGE_LOOP_ANALYSIS = YES;
				CLANG_WARN_STRICT_PROTOTYPES = YES;
				CLANG_WARN_SUSPICIOUS_MOVE = YES;
				CLANG_WARN_UNGUARDED_AVAILABILITY = YES_AGGRESSIVE;
				CLANG_WARN_UNREACHABLE_CODE = YES;
				CLANG_WARN__DUPLICATE_METHOD_MATCH = YES;
				CODE_SIGN_IDENTITY = "iPhone Developer";
				COPY_PHASE_STRIP = NO;
				DEBUG_INFORMATION_FORMAT = "dwarf-with-dsym";
				ENABLE_NS_ASSERTIONS = NO;
				ENABLE_STRICT_OBJC_MSGSEND = YES;
				GCC_C_LANGUAGE_STANDARD = gnu11;
				GCC_NO_COMMON_BLOCKS = YES;
				GCC_WARN_64_TO_32_BIT_CONVERSION = YES;
				GCC_WARN_ABOUT_RETURN_TYPE = YES_ERROR;
				GCC_WARN_UNDECLARED_SELECTOR = YES;
				GCC_WARN_UNINITIALIZED_AUTOS = YES_AGGRESSIVE;
				GCC_WARN_UNUSED_FUNCTION = YES;
				GCC_WARN_UNUSED_VARIABLE = YES;
				IPHONEOS_DEPLOYMENT_TARGET = 12.0;
				MTL_ENABLE_DEBUG_INFO = NO;
				MTL_FAST_MATH = YES;
				SDKROOT = iphoneos;
				SWIFT_COMPILATION_MODE = wholemodule;
				SWIFT_OPTIMIZATION_LEVEL = "-O";
				VALIDATE_PRODUCT = YES;
			};
			name = Release;
		};
		A83E80F1219611C100E09E55 /* Debug */ = {
			isa = XCBuildConfiguration;
			buildSettings = {
				ASSETCATALOG_COMPILER_APPICON_NAME = AppIcon;
				ASSETCATALOG_COMPILER_LAUNCHIMAGE_NAME = LaunchImage;
				CODE_SIGN_STYLE = Automatic;
				DEVELOPMENT_TEAM = 3AAP3J6ER4;
				FRAMEWORK_SEARCH_PATHS = (
					"$(inherited)",
					"$(PROJECT_DIR)/Carthage/Build/iOS",
				);
				INFOPLIST_FILE = "$(SRCROOT)/Resources/Info.plist";
				IPHONEOS_DEPLOYMENT_TARGET = 9.0;
				LD_RUNPATH_SEARCH_PATHS = (
					"$(inherited)",
					"@executable_path/Frameworks",
				);
				ONLY_ACTIVE_ARCH = YES;
				PRODUCT_BUNDLE_IDENTIFIER = com.ertishchev.VKChallenge;
				PRODUCT_NAME = "$(TARGET_NAME)";
				SWIFT_VERSION = 4.2;
				TARGETED_DEVICE_FAMILY = 1;
			};
			name = Debug;
		};
		A83E80F2219611C100E09E55 /* Release */ = {
			isa = XCBuildConfiguration;
			buildSettings = {
				ASSETCATALOG_COMPILER_APPICON_NAME = AppIcon;
				ASSETCATALOG_COMPILER_LAUNCHIMAGE_NAME = LaunchImage;
				CODE_SIGN_STYLE = Automatic;
				DEVELOPMENT_TEAM = 3AAP3J6ER4;
				FRAMEWORK_SEARCH_PATHS = (
					"$(inherited)",
					"$(PROJECT_DIR)/Carthage/Build/iOS",
				);
				INFOPLIST_FILE = "$(SRCROOT)/Resources/Info.plist";
				IPHONEOS_DEPLOYMENT_TARGET = 9.0;
				LD_RUNPATH_SEARCH_PATHS = (
					"$(inherited)",
					"@executable_path/Frameworks",
				);
				PRODUCT_BUNDLE_IDENTIFIER = com.ertishchev.VKChallenge;
				PRODUCT_NAME = "$(TARGET_NAME)";
				SWIFT_VERSION = 4.2;
				TARGETED_DEVICE_FAMILY = 1;
			};
			name = Release;
		};
/* End XCBuildConfiguration section */

/* Begin XCConfigurationList section */
		A83E80D9219611BF00E09E55 /* Build configuration list for PBXProject "VKChallenge" */ = {
			isa = XCConfigurationList;
			buildConfigurations = (
				A83E80EE219611C100E09E55 /* Debug */,
				A83E80EF219611C100E09E55 /* Release */,
			);
			defaultConfigurationIsVisible = 0;
			defaultConfigurationName = Release;
		};
		A83E80F0219611C100E09E55 /* Build configuration list for PBXNativeTarget "VKChallenge" */ = {
			isa = XCConfigurationList;
			buildConfigurations = (
				A83E80F1219611C100E09E55 /* Debug */,
				A83E80F2219611C100E09E55 /* Release */,
			);
			defaultConfigurationIsVisible = 0;
			defaultConfigurationName = Release;
		};
/* End XCConfigurationList section */
	};
	rootObject = A83E80D6219611BF00E09E55 /* Project object */;
}
